
Microsoft Visual Studio Solution File, Format Version 12.00
Project("{FAE04EC0-301F-11D3-BF4B-00C04F79EFBC}") = "Hei_CSharp_Verden", "Hei_CSharp_Verden\Hei_CSharp_Verden.csproj", "{2DD21268-FB1D-45C6-A056-E8BC0739A794}"
EndProject
Global
	GlobalSection(SolutionConfigurationPlatforms) = preSolution
		Debug|Any CPU = Debug|Any CPU
		Release|Any CPU = Release|Any CPU
	EndGlobalSection
	GlobalSection(ProjectConfigurationPlatforms) = postSolution
		{2DD21268-FB1D-45C6-A056-E8BC0739A794}.Debug|Any CPU.ActiveCfg = Debug|Any CPU
		{2DD21268-FB1D-45C6-A056-E8BC0739A794}.Debug|Any CPU.Build.0 = Debug|Any CPU
		{2DD21268-FB1D-45C6-A056-E8BC0739A794}.Release|Any CPU.ActiveCfg = Release|Any CPU
		{2DD21268-FB1D-45C6-A056-E8BC0739A794}.Release|Any CPU.Build.0 = Release|Any CPU
	EndGlobalSection
EndGlobal
